
Microsoft Visual Studio Solution File, Format Version 12.00
# Visual Studio Version 17
VisualStudioVersion = 17.5.33516.290
MinimumVisualStudioVersion = 10.0.40219.1
Project("{8BC9CEB8-8B4A-11D0-8D11-00A0C91BC942}") = "Lab", "Lab\Lab.vcxproj", "{6E9038F7-3E18-4E3A-A1AC-68750A14EE6C}"
EndProject
Global
	GlobalSection(SolutionConfigurationPlatforms) = preSolution
		Debug|x64 = Debug|x64
		Debug|x86 = Debug|x86
		Release|x64 = Release|x64
		Release|x86 = Release|x86
	EndGlobalSection
	GlobalSection(ProjectConfigurationPlatforms) = postSolution
		{6E9038F7-3E18-4E3A-A1AC-68750A14EE6C}.Debug|x64.ActiveCfg = Debug|x64
		{6E9038F7-3E18-4E3A-A1AC-68750A14EE6C}.Debug|x64.Build.0 = Debug|x64
		{6E9038F7-3E18-4E3A-A1AC-68750A14EE6C}.Debug|x86.ActiveCfg = Debug|Win32
		{6E9038F7-3E18-4E3A-A1AC-68750A14EE6C}.Debug|x86.Build.0 = Debug|Win32
		{6E9038F7-3E18-4E3A-A1AC-68750A14EE6C}.Release|x64.ActiveCfg = Release|x64
		{6E9038F7-3E18-4E3A-A1AC-68750A14EE6C}.Release|x64.Build.0 = Release|x64
		{6E9038F7-3E18-4E3A-A1AC-68750A14EE6C}.Release|x86.ActiveCfg = Release|Win32
		{6E9038F7-3E18-4E3A-A1AC-68750A14EE6C}.Release|x86.Build.0 = Release|Win32
	EndGlobalSection
	GlobalSection(SolutionProperties) = preSolution
		HideSolutionNode = FALSE
	EndGlobalSection
	GlobalSection(ExtensibilityGlobals) = postSolution
		SolutionGuid = {0D8A468A-FF31-47A7-96C3-7A8824911736}
	EndGlobalSection
EndGlobal
