
Microsoft Visual Studio Solution File, Format Version 12.00
# Visual Studio Version 17
VisualStudioVersion = 17.5.33516.290
MinimumVisualStudioVersion = 10.0.40219.1
Project("{8BC9CEB8-8B4A-11D0-8D11-00A0C91BC942}") = "LAB1", "LAB1\LAB1.vcxproj", "{E3163373-B214-466E-94A5-0FB97DC32809}"
EndProject
Project("{8BC9CEB8-8B4A-11D0-8D11-00A0C91BC942}") = "LAB", "LAB\LAB.vcxproj", "{5DAC7D83-219C-4B6B-8860-AB0470D763DF}"
EndProject
Project("{8BC9CEB8-8B4A-11D0-8D11-00A0C91BC942}") = "LAB2", "LAB2\LAB2.vcxproj", "{CC26C108-73D5-4599-A17A-B1AF77EBAE35}"
EndProject
Project("{8BC9CEB8-8B4A-11D0-8D11-00A0C91BC942}") = "LAB4", "LAB4\LAB4.vcxproj", "{983D1FBE-B282-4D96-AAF6-9E6E8E3D7700}"
EndProject
Project("{8BC9CEB8-8B4A-11D0-8D11-00A0C91BC942}") = "LAB3", "LAB3\LAB3.vcxproj", "{A26D367B-AECF-46E7-9894-EFD9D38878AD}"
EndProject
Project("{8BC9CEB8-8B4A-11D0-8D11-00A0C91BC942}") = "LAB5", "LAB5\LAB5.vcxproj", "{A66B7B12-42AF-4FBF-85B4-D21E2DE36F7F}"
EndProject
Project("{8BC9CEB8-8B4A-11D0-8D11-00A0C91BC942}") = "LAB6", "LAB6\LAB6.vcxproj", "{D9FE8058-B447-4FD5-BE5F-8B75896C2D4A}"
EndProject
Project("{8BC9CEB8-8B4A-11D0-8D11-00A0C91BC942}") = "LAB6_1", "LAB6_1\LAB6_1.vcxproj", "{BB767FE7-E4C5-48D2-80F3-59C173B95AAD}"
EndProject
Global
	GlobalSection(SolutionConfigurationPlatforms) = preSolution
		Debug|x64 = Debug|x64
		Debug|x86 = Debug|x86
		Release|x64 = Release|x64
		Release|x86 = Release|x86
	EndGlobalSection
	GlobalSection(ProjectConfigurationPlatforms) = postSolution
		{E3163373-B214-466E-94A5-0FB97DC32809}.Debug|x64.ActiveCfg = Debug|x64
		{E3163373-B214-466E-94A5-0FB97DC32809}.Debug|x64.Build.0 = Debug|x64
		{E3163373-B214-466E-94A5-0FB97DC32809}.Debug|x86.ActiveCfg = Debug|Win32
		{E3163373-B214-466E-94A5-0FB97DC32809}.Debug|x86.Build.0 = Debug|Win32
		{E3163373-B214-466E-94A5-0FB97DC32809}.Release|x64.ActiveCfg = Release|x64
		{E3163373-B214-466E-94A5-0FB97DC32809}.Release|x64.Build.0 = Release|x64
		{E3163373-B214-466E-94A5-0FB97DC32809}.Release|x86.ActiveCfg = Release|Win32
		{E3163373-B214-466E-94A5-0FB97DC32809}.Release|x86.Build.0 = Release|Win32
		{5DAC7D83-219C-4B6B-8860-AB0470D763DF}.Debug|x64.ActiveCfg = Debug|x64
		{5DAC7D83-219C-4B6B-8860-AB0470D763DF}.Debug|x64.Build.0 = Debug|x64
		{5DAC7D83-219C-4B6B-8860-AB0470D763DF}.Debug|x86.ActiveCfg = Debug|Win32
		{5DAC7D83-219C-4B6B-8860-AB0470D763DF}.Debug|x86.Build.0 = Debug|Win32
		{5DAC7D83-219C-4B6B-8860-AB0470D763DF}.Release|x64.ActiveCfg = Release|x64
		{5DAC7D83-219C-4B6B-8860-AB0470D763DF}.Release|x64.Build.0 = Release|x64
		{5DAC7D83-219C-4B6B-8860-AB0470D763DF}.Release|x86.ActiveCfg = Release|Win32
		{5DAC7D83-219C-4B6B-8860-AB0470D763DF}.Release|x86.Build.0 = Release|Win32
		{CC26C108-73D5-4599-A17A-B1AF77EBAE35}.Debug|x64.ActiveCfg = Debug|x64
		{CC26C108-73D5-4599-A17A-B1AF77EBAE35}.Debug|x64.Build.0 = Debug|x64
		{CC26C108-73D5-4599-A17A-B1AF77EBAE35}.Debug|x86.ActiveCfg = Debug|Win32
		{CC26C108-73D5-4599-A17A-B1AF77EBAE35}.Debug|x86.Build.0 = Debug|Win32
		{CC26C108-73D5-4599-A17A-B1AF77EBAE35}.Release|x64.ActiveCfg = Release|x64
		{CC26C108-73D5-4599-A17A-B1AF77EBAE35}.Release|x64.Build.0 = Release|x64
		{CC26C108-73D5-4599-A17A-B1AF77EBAE35}.Release|x86.ActiveCfg = Release|Win32
		{CC26C108-73D5-4599-A17A-B1AF77EBAE35}.Release|x86.Build.0 = Release|Win32
		{983D1FBE-B282-4D96-AAF6-9E6E8E3D7700}.Debug|x64.ActiveCfg = Debug|x64
		{983D1FBE-B282-4D96-AAF6-9E6E8E3D7700}.Debug|x64.Build.0 = Debug|x64
		{983D1FBE-B282-4D96-AAF6-9E6E8E3D7700}.Debug|x86.ActiveCfg = Debug|Win32
		{983D1FBE-B282-4D96-AAF6-9E6E8E3D7700}.Debug|x86.Build.0 = Debug|Win32
		{983D1FBE-B282-4D96-AAF6-9E6E8E3D7700}.Release|x64.ActiveCfg = Release|x64
		{983D1FBE-B282-4D96-AAF6-9E6E8E3D7700}.Release|x64.Build.0 = Release|x64
		{983D1FBE-B282-4D96-AAF6-9E6E8E3D7700}.Release|x86.ActiveCfg = Release|Win32
		{983D1FBE-B282-4D96-AAF6-9E6E8E3D7700}.Release|x86.Build.0 = Release|Win32
		{A26D367B-AECF-46E7-9894-EFD9D38878AD}.Debug|x64.ActiveCfg = Debug|x64
		{A26D367B-AECF-46E7-9894-EFD9D38878AD}.Debug|x64.Build.0 = Debug|x64
		{A26D367B-AECF-46E7-9894-EFD9D38878AD}.Debug|x86.ActiveCfg = Debug|Win32
		{A26D367B-AECF-46E7-9894-EFD9D38878AD}.Debug|x86.Build.0 = Debug|Win32
		{A26D367B-AECF-46E7-9894-EFD9D38878AD}.Release|x64.ActiveCfg = Release|x64
		{A26D367B-AECF-46E7-9894-EFD9D38878AD}.Release|x64.Build.0 = Release|x64
		{A26D367B-AECF-46E7-9894-EFD9D38878AD}.Release|x86.ActiveCfg = Release|Win32
		{A26D367B-AECF-46E7-9894-EFD9D38878AD}.Release|x86.Build.0 = Release|Win32
		{A66B7B12-42AF-4FBF-85B4-D21E2DE36F7F}.Debug|x64.ActiveCfg = Debug|x64
		{A66B7B12-42AF-4FBF-85B4-D21E2DE36F7F}.Debug|x64.Build.0 = Debug|x64
		{A66B7B12-42AF-4FBF-85B4-D21E2DE36F7F}.Debug|x86.ActiveCfg = Debug|Win32
		{A66B7B12-42AF-4FBF-85B4-D21E2DE36F7F}.Debug|x86.Build.0 = Debug|Win32
		{A66B7B12-42AF-4FBF-85B4-D21E2DE36F7F}.Release|x64.ActiveCfg = Release|x64
		{A66B7B12-42AF-4FBF-85B4-D21E2DE36F7F}.Release|x64.Build.0 = Release|x64
		{A66B7B12-42AF-4FBF-85B4-D21E2DE36F7F}.Release|x86.ActiveCfg = Release|Win32
		{A66B7B12-42AF-4FBF-85B4-D21E2DE36F7F}.Release|x86.Build.0 = Release|Win32
		{D9FE8058-B447-4FD5-BE5F-8B75896C2D4A}.Debug|x64.ActiveCfg = Debug|x64
		{D9FE8058-B447-4FD5-BE5F-8B75896C2D4A}.Debug|x64.Build.0 = Debug|x64
		{D9FE8058-B447-4FD5-BE5F-8B75896C2D4A}.Debug|x86.ActiveCfg = Debug|Win32
		{D9FE8058-B447-4FD5-BE5F-8B75896C2D4A}.Debug|x86.Build.0 = Debug|Win32
		{D9FE8058-B447-4FD5-BE5F-8B75896C2D4A}.Release|x64.ActiveCfg = Release|x64
		{D9FE8058-B447-4FD5-BE5F-8B75896C2D4A}.Release|x64.Build.0 = Release|x64
		{D9FE8058-B447-4FD5-BE5F-8B75896C2D4A}.Release|x86.ActiveCfg = Release|Win32
		{D9FE8058-B447-4FD5-BE5F-8B75896C2D4A}.Release|x86.Build.0 = Release|Win32
		{BB767FE7-E4C5-48D2-80F3-59C173B95AAD}.Debug|x64.ActiveCfg = Debug|x64
		{BB767FE7-E4C5-48D2-80F3-59C173B95AAD}.Debug|x64.Build.0 = Debug|x64
		{BB767FE7-E4C5-48D2-80F3-59C173B95AAD}.Debug|x86.ActiveCfg = Debug|Win32
		{BB767FE7-E4C5-48D2-80F3-59C173B95AAD}.Debug|x86.Build.0 = Debug|Win32
		{BB767FE7-E4C5-48D2-80F3-59C173B95AAD}.Release|x64.ActiveCfg = Release|x64
		{BB767FE7-E4C5-48D2-80F3-59C173B95AAD}.Release|x64.Build.0 = Release|x64
		{BB767FE7-E4C5-48D2-80F3-59C173B95AAD}.Release|x86.ActiveCfg = Release|Win32
		{BB767FE7-E4C5-48D2-80F3-59C173B95AAD}.Release|x86.Build.0 = Release|Win32
	EndGlobalSection
	GlobalSection(SolutionProperties) = preSolution
		HideSolutionNode = FALSE
	EndGlobalSection
	GlobalSection(ExtensibilityGlobals) = postSolution
		SolutionGuid = {96A1B77A-D957-473E-BF31-27A8162775AA}
	EndGlobalSection
EndGlobal
