
Microsoft Visual Studio Solution File, Format Version 12.00
# Visual Studio Version 16
VisualStudioVersion = 16.0.30523.141
MinimumVisualStudioVersion = 10.0.40219.1
Project("{8BC9CEB8-8B4A-11D0-8D11-00A0C91BC942}") = "week1_1", "week1_1\week1_1.vcxproj", "{CDBB3ED0-7237-4BBC-9705-7132E95A32F4}"
EndProject
Project("{8BC9CEB8-8B4A-11D0-8D11-00A0C91BC942}") = "week1_2", "week1_2\week1_2.vcxproj", "{6DA7C9C5-E870-4D92-ADDB-49709F45818B}"
EndProject
Project("{8BC9CEB8-8B4A-11D0-8D11-00A0C91BC942}") = "week1_3", "week1_3\week1_3.vcxproj", "{EC876F35-F672-47E8-94B8-7AC6B064C0DD}"
EndProject
Project("{8BC9CEB8-8B4A-11D0-8D11-00A0C91BC942}") = "week1_4", "week1_4\week1_4.vcxproj", "{67F98461-780D-4142-8D8A-6794A74E843A}"
EndProject
Project("{8BC9CEB8-8B4A-11D0-8D11-00A0C91BC942}") = "week1_5", "week1_5\week1_5.vcxproj", "{C5614D66-451C-4F13-BFD8-6B9AB56C6D15}"
EndProject
Project("{8BC9CEB8-8B4A-11D0-8D11-00A0C91BC942}") = "week1_6", "week1_6\week1_6.vcxproj", "{4EA19B43-1E75-48AE-A4E8-F0772537AB26}"
EndProject
Project("{8BC9CEB8-8B4A-11D0-8D11-00A0C91BC942}") = "week1_7", "week1_7\week1_7.vcxproj", "{7BCBEAB6-1FCB-4BCD-BB63-81D06F3EF4C5}"
EndProject
Project("{8BC9CEB8-8B4A-11D0-8D11-00A0C91BC942}") = "week1_8", "week1_8\week1_8.vcxproj", "{D2225D36-CEE1-4EDB-94EA-51DB334A8BF4}"
EndProject
Project("{8BC9CEB8-8B4A-11D0-8D11-00A0C91BC942}") = "week1_9", "week1_9\week1_9.vcxproj", "{599F4C20-FF02-480D-A04C-5FCED3F1A0DB}"
EndProject
Project("{8BC9CEB8-8B4A-11D0-8D11-00A0C91BC942}") = "baekjun", "baekjun\baekjun.vcxproj", "{6185BB15-7454-4CB8-A9A7-A76E96AD6685}"
EndProject
Global
	GlobalSection(SolutionConfigurationPlatforms) = preSolution
		Debug|x64 = Debug|x64
		Debug|x86 = Debug|x86
		Release|x64 = Release|x64
		Release|x86 = Release|x86
	EndGlobalSection
	GlobalSection(ProjectConfigurationPlatforms) = postSolution
		{CDBB3ED0-7237-4BBC-9705-7132E95A32F4}.Debug|x64.ActiveCfg = Debug|x64
		{CDBB3ED0-7237-4BBC-9705-7132E95A32F4}.Debug|x64.Build.0 = Debug|x64
		{CDBB3ED0-7237-4BBC-9705-7132E95A32F4}.Debug|x86.ActiveCfg = Debug|Win32
		{CDBB3ED0-7237-4BBC-9705-7132E95A32F4}.Debug|x86.Build.0 = Debug|Win32
		{CDBB3ED0-7237-4BBC-9705-7132E95A32F4}.Release|x64.ActiveCfg = Release|x64
		{CDBB3ED0-7237-4BBC-9705-7132E95A32F4}.Release|x64.Build.0 = Release|x64
		{CDBB3ED0-7237-4BBC-9705-7132E95A32F4}.Release|x86.ActiveCfg = Release|Win32
		{CDBB3ED0-7237-4BBC-9705-7132E95A32F4}.Release|x86.Build.0 = Release|Win32
		{6DA7C9C5-E870-4D92-ADDB-49709F45818B}.Debug|x64.ActiveCfg = Debug|x64
		{6DA7C9C5-E870-4D92-ADDB-49709F45818B}.Debug|x64.Build.0 = Debug|x64
		{6DA7C9C5-E870-4D92-ADDB-49709F45818B}.Debug|x86.ActiveCfg = Debug|Win32
		{6DA7C9C5-E870-4D92-ADDB-49709F45818B}.Debug|x86.Build.0 = Debug|Win32
		{6DA7C9C5-E870-4D92-ADDB-49709F45818B}.Release|x64.ActiveCfg = Release|x64
		{6DA7C9C5-E870-4D92-ADDB-49709F45818B}.Release|x64.Build.0 = Release|x64
		{6DA7C9C5-E870-4D92-ADDB-49709F45818B}.Release|x86.ActiveCfg = Release|Win32
		{6DA7C9C5-E870-4D92-ADDB-49709F45818B}.Release|x86.Build.0 = Release|Win32
		{EC876F35-F672-47E8-94B8-7AC6B064C0DD}.Debug|x64.ActiveCfg = Debug|x64
		{EC876F35-F672-47E8-94B8-7AC6B064C0DD}.Debug|x64.Build.0 = Debug|x64
		{EC876F35-F672-47E8-94B8-7AC6B064C0DD}.Debug|x86.ActiveCfg = Debug|Win32
		{EC876F35-F672-47E8-94B8-7AC6B064C0DD}.Debug|x86.Build.0 = Debug|Win32
		{EC876F35-F672-47E8-94B8-7AC6B064C0DD}.Release|x64.ActiveCfg = Release|x64
		{EC876F35-F672-47E8-94B8-7AC6B064C0DD}.Release|x64.Build.0 = Release|x64
		{EC876F35-F672-47E8-94B8-7AC6B064C0DD}.Release|x86.ActiveCfg = Release|Win32
		{EC876F35-F672-47E8-94B8-7AC6B064C0DD}.Release|x86.Build.0 = Release|Win32
		{67F98461-780D-4142-8D8A-6794A74E843A}.Debug|x64.ActiveCfg = Debug|x64
		{67F98461-780D-4142-8D8A-6794A74E843A}.Debug|x64.Build.0 = Debug|x64
		{67F98461-780D-4142-8D8A-6794A74E843A}.Debug|x86.ActiveCfg = Debug|Win32
		{67F98461-780D-4142-8D8A-6794A74E843A}.Debug|x86.Build.0 = Debug|Win32
		{67F98461-780D-4142-8D8A-6794A74E843A}.Release|x64.ActiveCfg = Release|x64
		{67F98461-780D-4142-8D8A-6794A74E843A}.Release|x64.Build.0 = Release|x64
		{67F98461-780D-4142-8D8A-6794A74E843A}.Release|x86.ActiveCfg = Release|Win32
		{67F98461-780D-4142-8D8A-6794A74E843A}.Release|x86.Build.0 = Release|Win32
		{C5614D66-451C-4F13-BFD8-6B9AB56C6D15}.Debug|x64.ActiveCfg = Debug|x64
		{C5614D66-451C-4F13-BFD8-6B9AB56C6D15}.Debug|x64.Build.0 = Debug|x64
		{C5614D66-451C-4F13-BFD8-6B9AB56C6D15}.Debug|x86.ActiveCfg = Debug|Win32
		{C5614D66-451C-4F13-BFD8-6B9AB56C6D15}.Debug|x86.Build.0 = Debug|Win32
		{C5614D66-451C-4F13-BFD8-6B9AB56C6D15}.Release|x64.ActiveCfg = Release|x64
		{C5614D66-451C-4F13-BFD8-6B9AB56C6D15}.Release|x64.Build.0 = Release|x64
		{C5614D66-451C-4F13-BFD8-6B9AB56C6D15}.Release|x86.ActiveCfg = Release|Win32
		{C5614D66-451C-4F13-BFD8-6B9AB56C6D15}.Release|x86.Build.0 = Release|Win32
		{4EA19B43-1E75-48AE-A4E8-F0772537AB26}.Debug|x64.ActiveCfg = Debug|x64
		{4EA19B43-1E75-48AE-A4E8-F0772537AB26}.Debug|x64.Build.0 = Debug|x64
		{4EA19B43-1E75-48AE-A4E8-F0772537AB26}.Debug|x86.ActiveCfg = Debug|Win32
		{4EA19B43-1E75-48AE-A4E8-F0772537AB26}.Debug|x86.Build.0 = Debug|Win32
		{4EA19B43-1E75-48AE-A4E8-F0772537AB26}.Release|x64.ActiveCfg = Release|x64
		{4EA19B43-1E75-48AE-A4E8-F0772537AB26}.Release|x64.Build.0 = Release|x64
		{4EA19B43-1E75-48AE-A4E8-F0772537AB26}.Release|x86.ActiveCfg = Release|Win32
		{4EA19B43-1E75-48AE-A4E8-F0772537AB26}.Release|x86.Build.0 = Release|Win32
		{7BCBEAB6-1FCB-4BCD-BB63-81D06F3EF4C5}.Debug|x64.ActiveCfg = Debug|x64
		{7BCBEAB6-1FCB-4BCD-BB63-81D06F3EF4C5}.Debug|x64.Build.0 = Debug|x64
		{7BCBEAB6-1FCB-4BCD-BB63-81D06F3EF4C5}.Debug|x86.ActiveCfg = Debug|Win32
		{7BCBEAB6-1FCB-4BCD-BB63-81D06F3EF4C5}.Debug|x86.Build.0 = Debug|Win32
		{7BCBEAB6-1FCB-4BCD-BB63-81D06F3EF4C5}.Release|x64.ActiveCfg = Release|x64
		{7BCBEAB6-1FCB-4BCD-BB63-81D06F3EF4C5}.Release|x64.Build.0 = Release|x64
		{7BCBEAB6-1FCB-4BCD-BB63-81D06F3EF4C5}.Release|x86.ActiveCfg = Release|Win32
		{7BCBEAB6-1FCB-4BCD-BB63-81D06F3EF4C5}.Release|x86.Build.0 = Release|Win32
		{D2225D36-CEE1-4EDB-94EA-51DB334A8BF4}.Debug|x64.ActiveCfg = Debug|x64
		{D2225D36-CEE1-4EDB-94EA-51DB334A8BF4}.Debug|x64.Build.0 = Debug|x64
		{D2225D36-CEE1-4EDB-94EA-51DB334A8BF4}.Debug|x86.ActiveCfg = Debug|Win32
		{D2225D36-CEE1-4EDB-94EA-51DB334A8BF4}.Debug|x86.Build.0 = Debug|Win32
		{D2225D36-CEE1-4EDB-94EA-51DB334A8BF4}.Release|x64.ActiveCfg = Release|x64
		{D2225D36-CEE1-4EDB-94EA-51DB334A8BF4}.Release|x64.Build.0 = Release|x64
		{D2225D36-CEE1-4EDB-94EA-51DB334A8BF4}.Release|x86.ActiveCfg = Release|Win32
		{D2225D36-CEE1-4EDB-94EA-51DB334A8BF4}.Release|x86.Build.0 = Release|Win32
		{599F4C20-FF02-480D-A04C-5FCED3F1A0DB}.Debug|x64.ActiveCfg = Debug|x64
		{599F4C20-FF02-480D-A04C-5FCED3F1A0DB}.Debug|x64.Build.0 = Debug|x64
		{599F4C20-FF02-480D-A04C-5FCED3F1A0DB}.Debug|x86.ActiveCfg = Debug|Win32
		{599F4C20-FF02-480D-A04C-5FCED3F1A0DB}.Debug|x86.Build.0 = Debug|Win32
		{599F4C20-FF02-480D-A04C-5FCED3F1A0DB}.Release|x64.ActiveCfg = Release|x64
		{599F4C20-FF02-480D-A04C-5FCED3F1A0DB}.Release|x64.Build.0 = Release|x64
		{599F4C20-FF02-480D-A04C-5FCED3F1A0DB}.Release|x86.ActiveCfg = Release|Win32
		{599F4C20-FF02-480D-A04C-5FCED3F1A0DB}.Release|x86.Build.0 = Release|Win32
		{6185BB15-7454-4CB8-A9A7-A76E96AD6685}.Debug|x64.ActiveCfg = Debug|x64
		{6185BB15-7454-4CB8-A9A7-A76E96AD6685}.Debug|x64.Build.0 = Debug|x64
		{6185BB15-7454-4CB8-A9A7-A76E96AD6685}.Debug|x86.ActiveCfg = Debug|Win32
		{6185BB15-7454-4CB8-A9A7-A76E96AD6685}.Debug|x86.Build.0 = Debug|Win32
		{6185BB15-7454-4CB8-A9A7-A76E96AD6685}.Release|x64.ActiveCfg = Release|x64
		{6185BB15-7454-4CB8-A9A7-A76E96AD6685}.Release|x64.Build.0 = Release|x64
		{6185BB15-7454-4CB8-A9A7-A76E96AD6685}.Release|x86.ActiveCfg = Release|Win32
		{6185BB15-7454-4CB8-A9A7-A76E96AD6685}.Release|x86.Build.0 = Release|Win32
	EndGlobalSection
	GlobalSection(SolutionProperties) = preSolution
		HideSolutionNode = FALSE
	EndGlobalSection
	GlobalSection(ExtensibilityGlobals) = postSolution
		SolutionGuid = {6B23F432-2151-4160-96C4-A13923568E88}
	EndGlobalSection
EndGlobal
