
Microsoft Visual Studio Solution File, Format Version 12.00
# Visual Studio Version 17
VisualStudioVersion = 17.5.33516.290
MinimumVisualStudioVersion = 10.0.40219.1
Project("{8BC9CEB8-8B4A-11D0-8D11-00A0C91BC942}") = "b1759", "b1759\b1759.vcxproj", "{8B34F448-CEBD-4C7F-A6D7-59C0F4B4258D}"
EndProject
Project("{8BC9CEB8-8B4A-11D0-8D11-00A0C91BC942}") = "Q1", "Q1\Q1.vcxproj", "{54433CFC-0660-4D43-991E-76D722CE7D22}"
EndProject
Project("{8BC9CEB8-8B4A-11D0-8D11-00A0C91BC942}") = "Q2", "Q2\Q2.vcxproj", "{0616CD54-5410-4529-A177-6CD98CAFD9DA}"
EndProject
Project("{8BC9CEB8-8B4A-11D0-8D11-00A0C91BC942}") = "bj1309", "bj1309\bj1309.vcxproj", "{5FC0347D-C7C8-490F-96CE-DB9EAC3981B0}"
EndProject
Project("{8BC9CEB8-8B4A-11D0-8D11-00A0C91BC942}") = "Q3", "Q3\Q3.vcxproj", "{1FE41D4C-8E1C-48C5-BAC1-6219DAC15E86}"
EndProject
Project("{8BC9CEB8-8B4A-11D0-8D11-00A0C91BC942}") = "tree1", "tree1\tree1.vcxproj", "{36C216CE-9326-46BF-B03A-15924C4A9EAC}"
EndProject
Project("{8BC9CEB8-8B4A-11D0-8D11-00A0C91BC942}") = "tree2", "tree2\tree2.vcxproj", "{84C98032-5D85-4206-853F-76FD087EB56A}"
EndProject
Project("{8BC9CEB8-8B4A-11D0-8D11-00A0C91BC942}") = "tree3", "tree3\tree3.vcxproj", "{D2934CED-EF80-44D6-9434-A62387C15D4C}"
EndProject
Project("{8BC9CEB8-8B4A-11D0-8D11-00A0C91BC942}") = "Q2_1", "Q2_1\Q2_1.vcxproj", "{2C6D512C-4B50-4050-A61D-E2966574AF2E}"
EndProject
Global
	GlobalSection(SolutionConfigurationPlatforms) = preSolution
		Debug|Any CPU = Debug|Any CPU
		Debug|x64 = Debug|x64
		Debug|x86 = Debug|x86
		Release|Any CPU = Release|Any CPU
		Release|x64 = Release|x64
		Release|x86 = Release|x86
	EndGlobalSection
	GlobalSection(ProjectConfigurationPlatforms) = postSolution
		{8B34F448-CEBD-4C7F-A6D7-59C0F4B4258D}.Debug|Any CPU.ActiveCfg = Debug|x64
		{8B34F448-CEBD-4C7F-A6D7-59C0F4B4258D}.Debug|Any CPU.Build.0 = Debug|x64
		{8B34F448-CEBD-4C7F-A6D7-59C0F4B4258D}.Debug|x64.ActiveCfg = Debug|x64
		{8B34F448-CEBD-4C7F-A6D7-59C0F4B4258D}.Debug|x64.Build.0 = Debug|x64
		{8B34F448-CEBD-4C7F-A6D7-59C0F4B4258D}.Debug|x86.ActiveCfg = Debug|Win32
		{8B34F448-CEBD-4C7F-A6D7-59C0F4B4258D}.Debug|x86.Build.0 = Debug|Win32
		{8B34F448-CEBD-4C7F-A6D7-59C0F4B4258D}.Release|Any CPU.ActiveCfg = Release|x64
		{8B34F448-CEBD-4C7F-A6D7-59C0F4B4258D}.Release|Any CPU.Build.0 = Release|x64
		{8B34F448-CEBD-4C7F-A6D7-59C0F4B4258D}.Release|x64.ActiveCfg = Release|x64
		{8B34F448-CEBD-4C7F-A6D7-59C0F4B4258D}.Release|x64.Build.0 = Release|x64
		{8B34F448-CEBD-4C7F-A6D7-59C0F4B4258D}.Release|x86.ActiveCfg = Release|Win32
		{8B34F448-CEBD-4C7F-A6D7-59C0F4B4258D}.Release|x86.Build.0 = Release|Win32
		{54433CFC-0660-4D43-991E-76D722CE7D22}.Debug|Any CPU.ActiveCfg = Debug|x64
		{54433CFC-0660-4D43-991E-76D722CE7D22}.Debug|Any CPU.Build.0 = Debug|x64
		{54433CFC-0660-4D43-991E-76D722CE7D22}.Debug|x64.ActiveCfg = Debug|x64
		{54433CFC-0660-4D43-991E-76D722CE7D22}.Debug|x64.Build.0 = Debug|x64
		{54433CFC-0660-4D43-991E-76D722CE7D22}.Debug|x86.ActiveCfg = Debug|Win32
		{54433CFC-0660-4D43-991E-76D722CE7D22}.Debug|x86.Build.0 = Debug|Win32
		{54433CFC-0660-4D43-991E-76D722CE7D22}.Release|Any CPU.ActiveCfg = Release|x64
		{54433CFC-0660-4D43-991E-76D722CE7D22}.Release|Any CPU.Build.0 = Release|x64
		{54433CFC-0660-4D43-991E-76D722CE7D22}.Release|x64.ActiveCfg = Release|x64
		{54433CFC-0660-4D43-991E-76D722CE7D22}.Release|x64.Build.0 = Release|x64
		{54433CFC-0660-4D43-991E-76D722CE7D22}.Release|x86.ActiveCfg = Release|Win32
		{54433CFC-0660-4D43-991E-76D722CE7D22}.Release|x86.Build.0 = Release|Win32
		{0616CD54-5410-4529-A177-6CD98CAFD9DA}.Debug|Any CPU.ActiveCfg = Debug|x64
		{0616CD54-5410-4529-A177-6CD98CAFD9DA}.Debug|Any CPU.Build.0 = Debug|x64
		{0616CD54-5410-4529-A177-6CD98CAFD9DA}.Debug|x64.ActiveCfg = Debug|x64
		{0616CD54-5410-4529-A177-6CD98CAFD9DA}.Debug|x64.Build.0 = Debug|x64
		{0616CD54-5410-4529-A177-6CD98CAFD9DA}.Debug|x86.ActiveCfg = Debug|Win32
		{0616CD54-5410-4529-A177-6CD98CAFD9DA}.Debug|x86.Build.0 = Debug|Win32
		{0616CD54-5410-4529-A177-6CD98CAFD9DA}.Release|Any CPU.ActiveCfg = Release|x64
		{0616CD54-5410-4529-A177-6CD98CAFD9DA}.Release|Any CPU.Build.0 = Release|x64
		{0616CD54-5410-4529-A177-6CD98CAFD9DA}.Release|x64.ActiveCfg = Release|x64
		{0616CD54-5410-4529-A177-6CD98CAFD9DA}.Release|x64.Build.0 = Release|x64
		{0616CD54-5410-4529-A177-6CD98CAFD9DA}.Release|x86.ActiveCfg = Release|Win32
		{0616CD54-5410-4529-A177-6CD98CAFD9DA}.Release|x86.Build.0 = Release|Win32
		{5FC0347D-C7C8-490F-96CE-DB9EAC3981B0}.Debug|Any CPU.ActiveCfg = Debug|x64
		{5FC0347D-C7C8-490F-96CE-DB9EAC3981B0}.Debug|Any CPU.Build.0 = Debug|x64
		{5FC0347D-C7C8-490F-96CE-DB9EAC3981B0}.Debug|x64.ActiveCfg = Debug|x64
		{5FC0347D-C7C8-490F-96CE-DB9EAC3981B0}.Debug|x64.Build.0 = Debug|x64
		{5FC0347D-C7C8-490F-96CE-DB9EAC3981B0}.Debug|x86.ActiveCfg = Debug|Win32
		{5FC0347D-C7C8-490F-96CE-DB9EAC3981B0}.Debug|x86.Build.0 = Debug|Win32
		{5FC0347D-C7C8-490F-96CE-DB9EAC3981B0}.Release|Any CPU.ActiveCfg = Release|x64
		{5FC0347D-C7C8-490F-96CE-DB9EAC3981B0}.Release|Any CPU.Build.0 = Release|x64
		{5FC0347D-C7C8-490F-96CE-DB9EAC3981B0}.Release|x64.ActiveCfg = Release|x64
		{5FC0347D-C7C8-490F-96CE-DB9EAC3981B0}.Release|x64.Build.0 = Release|x64
		{5FC0347D-C7C8-490F-96CE-DB9EAC3981B0}.Release|x86.ActiveCfg = Release|Win32
		{5FC0347D-C7C8-490F-96CE-DB9EAC3981B0}.Release|x86.Build.0 = Release|Win32
		{1FE41D4C-8E1C-48C5-BAC1-6219DAC15E86}.Debug|Any CPU.ActiveCfg = Debug|x64
		{1FE41D4C-8E1C-48C5-BAC1-6219DAC15E86}.Debug|Any CPU.Build.0 = Debug|x64
		{1FE41D4C-8E1C-48C5-BAC1-6219DAC15E86}.Debug|x64.ActiveCfg = Debug|x64
		{1FE41D4C-8E1C-48C5-BAC1-6219DAC15E86}.Debug|x64.Build.0 = Debug|x64
		{1FE41D4C-8E1C-48C5-BAC1-6219DAC15E86}.Debug|x86.ActiveCfg = Debug|Win32
		{1FE41D4C-8E1C-48C5-BAC1-6219DAC15E86}.Debug|x86.Build.0 = Debug|Win32
		{1FE41D4C-8E1C-48C5-BAC1-6219DAC15E86}.Release|Any CPU.ActiveCfg = Release|x64
		{1FE41D4C-8E1C-48C5-BAC1-6219DAC15E86}.Release|Any CPU.Build.0 = Release|x64
		{1FE41D4C-8E1C-48C5-BAC1-6219DAC15E86}.Release|x64.ActiveCfg = Release|x64
		{1FE41D4C-8E1C-48C5-BAC1-6219DAC15E86}.Release|x64.Build.0 = Release|x64
		{1FE41D4C-8E1C-48C5-BAC1-6219DAC15E86}.Release|x86.ActiveCfg = Release|Win32
		{1FE41D4C-8E1C-48C5-BAC1-6219DAC15E86}.Release|x86.Build.0 = Release|Win32
		{36C216CE-9326-46BF-B03A-15924C4A9EAC}.Debug|Any CPU.ActiveCfg = Debug|x64
		{36C216CE-9326-46BF-B03A-15924C4A9EAC}.Debug|Any CPU.Build.0 = Debug|x64
		{36C216CE-9326-46BF-B03A-15924C4A9EAC}.Debug|x64.ActiveCfg = Debug|x64
		{36C216CE-9326-46BF-B03A-15924C4A9EAC}.Debug|x64.Build.0 = Debug|x64
		{36C216CE-9326-46BF-B03A-15924C4A9EAC}.Debug|x86.ActiveCfg = Debug|Win32
		{36C216CE-9326-46BF-B03A-15924C4A9EAC}.Debug|x86.Build.0 = Debug|Win32
		{36C216CE-9326-46BF-B03A-15924C4A9EAC}.Release|Any CPU.ActiveCfg = Release|x64
		{36C216CE-9326-46BF-B03A-15924C4A9EAC}.Release|Any CPU.Build.0 = Release|x64
		{36C216CE-9326-46BF-B03A-15924C4A9EAC}.Release|x64.ActiveCfg = Release|x64
		{36C216CE-9326-46BF-B03A-15924C4A9EAC}.Release|x64.Build.0 = Release|x64
		{36C216CE-9326-46BF-B03A-15924C4A9EAC}.Release|x86.ActiveCfg = Release|Win32
		{36C216CE-9326-46BF-B03A-15924C4A9EAC}.Release|x86.Build.0 = Release|Win32
		{84C98032-5D85-4206-853F-76FD087EB56A}.Debug|Any CPU.ActiveCfg = Debug|x64
		{84C98032-5D85-4206-853F-76FD087EB56A}.Debug|Any CPU.Build.0 = Debug|x64
		{84C98032-5D85-4206-853F-76FD087EB56A}.Debug|x64.ActiveCfg = Debug|x64
		{84C98032-5D85-4206-853F-76FD087EB56A}.Debug|x64.Build.0 = Debug|x64
		{84C98032-5D85-4206-853F-76FD087EB56A}.Debug|x86.ActiveCfg = Debug|Win32
		{84C98032-5D85-4206-853F-76FD087EB56A}.Debug|x86.Build.0 = Debug|Win32
		{84C98032-5D85-4206-853F-76FD087EB56A}.Release|Any CPU.ActiveCfg = Release|x64
		{84C98032-5D85-4206-853F-76FD087EB56A}.Release|Any CPU.Build.0 = Release|x64
		{84C98032-5D85-4206-853F-76FD087EB56A}.Release|x64.ActiveCfg = Release|x64
		{84C98032-5D85-4206-853F-76FD087EB56A}.Release|x64.Build.0 = Release|x64
		{84C98032-5D85-4206-853F-76FD087EB56A}.Release|x86.ActiveCfg = Release|Win32
		{84C98032-5D85-4206-853F-76FD087EB56A}.Release|x86.Build.0 = Release|Win32
		{D2934CED-EF80-44D6-9434-A62387C15D4C}.Debug|Any CPU.ActiveCfg = Debug|x64
		{D2934CED-EF80-44D6-9434-A62387C15D4C}.Debug|Any CPU.Build.0 = Debug|x64
		{D2934CED-EF80-44D6-9434-A62387C15D4C}.Debug|x64.ActiveCfg = Debug|x64
		{D2934CED-EF80-44D6-9434-A62387C15D4C}.Debug|x64.Build.0 = Debug|x64
		{D2934CED-EF80-44D6-9434-A62387C15D4C}.Debug|x86.ActiveCfg = Debug|Win32
		{D2934CED-EF80-44D6-9434-A62387C15D4C}.Debug|x86.Build.0 = Debug|Win32
		{D2934CED-EF80-44D6-9434-A62387C15D4C}.Release|Any CPU.ActiveCfg = Release|x64
		{D2934CED-EF80-44D6-9434-A62387C15D4C}.Release|Any CPU.Build.0 = Release|x64
		{D2934CED-EF80-44D6-9434-A62387C15D4C}.Release|x64.ActiveCfg = Release|x64
		{D2934CED-EF80-44D6-9434-A62387C15D4C}.Release|x64.Build.0 = Release|x64
		{D2934CED-EF80-44D6-9434-A62387C15D4C}.Release|x86.ActiveCfg = Release|Win32
		{D2934CED-EF80-44D6-9434-A62387C15D4C}.Release|x86.Build.0 = Release|Win32
		{2C6D512C-4B50-4050-A61D-E2966574AF2E}.Debug|Any CPU.ActiveCfg = Debug|x64
		{2C6D512C-4B50-4050-A61D-E2966574AF2E}.Debug|Any CPU.Build.0 = Debug|x64
		{2C6D512C-4B50-4050-A61D-E2966574AF2E}.Debug|x64.ActiveCfg = Debug|x64
		{2C6D512C-4B50-4050-A61D-E2966574AF2E}.Debug|x64.Build.0 = Debug|x64
		{2C6D512C-4B50-4050-A61D-E2966574AF2E}.Debug|x86.ActiveCfg = Debug|Win32
		{2C6D512C-4B50-4050-A61D-E2966574AF2E}.Debug|x86.Build.0 = Debug|Win32
		{2C6D512C-4B50-4050-A61D-E2966574AF2E}.Release|Any CPU.ActiveCfg = Release|x64
		{2C6D512C-4B50-4050-A61D-E2966574AF2E}.Release|Any CPU.Build.0 = Release|x64
		{2C6D512C-4B50-4050-A61D-E2966574AF2E}.Release|x64.ActiveCfg = Release|x64
		{2C6D512C-4B50-4050-A61D-E2966574AF2E}.Release|x64.Build.0 = Release|x64
		{2C6D512C-4B50-4050-A61D-E2966574AF2E}.Release|x86.ActiveCfg = Release|Win32
		{2C6D512C-4B50-4050-A61D-E2966574AF2E}.Release|x86.Build.0 = Release|Win32
	EndGlobalSection
	GlobalSection(SolutionProperties) = preSolution
		HideSolutionNode = FALSE
	EndGlobalSection
	GlobalSection(ExtensibilityGlobals) = postSolution
		SolutionGuid = {74889F36-CFB6-41A1-8254-05A740FB7BB9}
	EndGlobalSection
EndGlobal
