
Microsoft Visual Studio Solution File, Format Version 12.00
# Visual Studio Version 16
VisualStudioVersion = 16.0.30523.141
MinimumVisualStudioVersion = 10.0.40219.1
Project("{8BC9CEB8-8B4A-11D0-8D11-00A0C91BC942}") = "Lab01", "Lab01\Lab01.vcxproj", "{FC8306AD-7A9C-4641-B9B9-7FFC45FFEE77}"
EndProject
Project("{8BC9CEB8-8B4A-11D0-8D11-00A0C91BC942}") = "Lab02", "Lab02\Lab02.vcxproj", "{786ABEC0-AACA-4ADE-A546-B267F4ACBA73}"
EndProject
Project("{8BC9CEB8-8B4A-11D0-8D11-00A0C91BC942}") = "Lab03", "Lab03\Lab03.vcxproj", "{0A4BF42A-8433-4F64-A9C9-99565A17BB7C}"
EndProject
Project("{8BC9CEB8-8B4A-11D0-8D11-00A0C91BC942}") = "Lab02(반복)", "Lab02(반복)\Lab02(반복).vcxproj", "{10288B46-58FF-46F8-9200-E5B53711B826}"
EndProject
Global
	GlobalSection(SolutionConfigurationPlatforms) = preSolution
		Debug|x64 = Debug|x64
		Debug|x86 = Debug|x86
		Release|x64 = Release|x64
		Release|x86 = Release|x86
	EndGlobalSection
	GlobalSection(ProjectConfigurationPlatforms) = postSolution
		{FC8306AD-7A9C-4641-B9B9-7FFC45FFEE77}.Debug|x64.ActiveCfg = Debug|x64
		{FC8306AD-7A9C-4641-B9B9-7FFC45FFEE77}.Debug|x64.Build.0 = Debug|x64
		{FC8306AD-7A9C-4641-B9B9-7FFC45FFEE77}.Debug|x86.ActiveCfg = Debug|Win32
		{FC8306AD-7A9C-4641-B9B9-7FFC45FFEE77}.Debug|x86.Build.0 = Debug|Win32
		{FC8306AD-7A9C-4641-B9B9-7FFC45FFEE77}.Release|x64.ActiveCfg = Release|x64
		{FC8306AD-7A9C-4641-B9B9-7FFC45FFEE77}.Release|x64.Build.0 = Release|x64
		{FC8306AD-7A9C-4641-B9B9-7FFC45FFEE77}.Release|x86.ActiveCfg = Release|Win32
		{FC8306AD-7A9C-4641-B9B9-7FFC45FFEE77}.Release|x86.Build.0 = Release|Win32
		{786ABEC0-AACA-4ADE-A546-B267F4ACBA73}.Debug|x64.ActiveCfg = Debug|x64
		{786ABEC0-AACA-4ADE-A546-B267F4ACBA73}.Debug|x64.Build.0 = Debug|x64
		{786ABEC0-AACA-4ADE-A546-B267F4ACBA73}.Debug|x86.ActiveCfg = Debug|Win32
		{786ABEC0-AACA-4ADE-A546-B267F4ACBA73}.Debug|x86.Build.0 = Debug|Win32
		{786ABEC0-AACA-4ADE-A546-B267F4ACBA73}.Release|x64.ActiveCfg = Release|x64
		{786ABEC0-AACA-4ADE-A546-B267F4ACBA73}.Release|x64.Build.0 = Release|x64
		{786ABEC0-AACA-4ADE-A546-B267F4ACBA73}.Release|x86.ActiveCfg = Release|Win32
		{786ABEC0-AACA-4ADE-A546-B267F4ACBA73}.Release|x86.Build.0 = Release|Win32
		{0A4BF42A-8433-4F64-A9C9-99565A17BB7C}.Debug|x64.ActiveCfg = Debug|x64
		{0A4BF42A-8433-4F64-A9C9-99565A17BB7C}.Debug|x64.Build.0 = Debug|x64
		{0A4BF42A-8433-4F64-A9C9-99565A17BB7C}.Debug|x86.ActiveCfg = Debug|Win32
		{0A4BF42A-8433-4F64-A9C9-99565A17BB7C}.Debug|x86.Build.0 = Debug|Win32
		{0A4BF42A-8433-4F64-A9C9-99565A17BB7C}.Release|x64.ActiveCfg = Release|x64
		{0A4BF42A-8433-4F64-A9C9-99565A17BB7C}.Release|x64.Build.0 = Release|x64
		{0A4BF42A-8433-4F64-A9C9-99565A17BB7C}.Release|x86.ActiveCfg = Release|Win32
		{0A4BF42A-8433-4F64-A9C9-99565A17BB7C}.Release|x86.Build.0 = Release|Win32
		{10288B46-58FF-46F8-9200-E5B53711B826}.Debug|x64.ActiveCfg = Debug|x64
		{10288B46-58FF-46F8-9200-E5B53711B826}.Debug|x64.Build.0 = Debug|x64
		{10288B46-58FF-46F8-9200-E5B53711B826}.Debug|x86.ActiveCfg = Debug|Win32
		{10288B46-58FF-46F8-9200-E5B53711B826}.Debug|x86.Build.0 = Debug|Win32
		{10288B46-58FF-46F8-9200-E5B53711B826}.Release|x64.ActiveCfg = Release|x64
		{10288B46-58FF-46F8-9200-E5B53711B826}.Release|x64.Build.0 = Release|x64
		{10288B46-58FF-46F8-9200-E5B53711B826}.Release|x86.ActiveCfg = Release|Win32
		{10288B46-58FF-46F8-9200-E5B53711B826}.Release|x86.Build.0 = Release|Win32
	EndGlobalSection
	GlobalSection(SolutionProperties) = preSolution
		HideSolutionNode = FALSE
	EndGlobalSection
	GlobalSection(ExtensibilityGlobals) = postSolution
		SolutionGuid = {A71CA888-777C-46C6-AB1B-641D532EA023}
	EndGlobalSection
EndGlobal
