
Microsoft Visual Studio Solution File, Format Version 12.00
# Visual Studio Version 17
VisualStudioVersion = 17.5.33516.290
MinimumVisualStudioVersion = 10.0.40219.1
Project("{8BC9CEB8-8B4A-11D0-8D11-00A0C91BC942}") = "miderm19_2_1", "miderm19_2_1\miderm19_2_1.vcxproj", "{C2D38A95-706A-431C-A55E-BF9945C40A6A}"
EndProject
Project("{8BC9CEB8-8B4A-11D0-8D11-00A0C91BC942}") = "midterm19_2_2", "midterm19_2_2\midterm19_2_2.vcxproj", "{E1FE80EA-DABC-49A2-A07B-7F5CA82CAC71}"
EndProject
Project("{8BC9CEB8-8B4A-11D0-8D11-00A0C91BC942}") = "midterm19_3_1", "midterm19_3_1\midterm19_3_1.vcxproj", "{7E750D4B-D2E0-4A80-9080-7D6C11930A69}"
EndProject
Project("{8BC9CEB8-8B4A-11D0-8D11-00A0C91BC942}") = "midterm19_3_2", "midterm19_3_2\midterm19_3_2.vcxproj", "{5BD16241-6EF0-409E-A040-3E640D010691}"
EndProject
Project("{8BC9CEB8-8B4A-11D0-8D11-00A0C91BC942}") = "midterm21_1_1", "midterm21_1_1\midterm21_1_1.vcxproj", "{27BD6E12-0362-4B65-9E1A-F91810D20C9C}"
EndProject
Project("{8BC9CEB8-8B4A-11D0-8D11-00A0C91BC942}") = "midterm21_1_2", "midterm21_1_2\midterm21_1_2.vcxproj", "{32F1C649-B59A-4131-AA55-AC2291BE06EC}"
EndProject
Project("{8BC9CEB8-8B4A-11D0-8D11-00A0C91BC942}") = "midterm21_2", "midterm21_2\midterm21_2.vcxproj", "{5185F3FC-8E18-4E91-B849-3919EB945442}"
EndProject
Project("{8BC9CEB8-8B4A-11D0-8D11-00A0C91BC942}") = "midterm21_3", "midterm21_3\midterm21_3.vcxproj", "{2B0129D9-0680-4AA7-B986-140B11F41374}"
EndProject
Project("{8BC9CEB8-8B4A-11D0-8D11-00A0C91BC942}") = "midterm22_1", "midterm22_1\midterm22_1.vcxproj", "{3B4425B6-E5E6-4958-9470-B32393FB61A4}"
EndProject
Project("{8BC9CEB8-8B4A-11D0-8D11-00A0C91BC942}") = "midterm22_2", "midterm22_2\midterm22_2.vcxproj", "{EBD71C67-F04D-4091-9BF1-39E1E16FE107}"
EndProject
Project("{8BC9CEB8-8B4A-11D0-8D11-00A0C91BC942}") = "miterm22_1_1", "miterm22_1_1\miterm22_1_1.vcxproj", "{F2E6CC07-6E3F-4643-A54B-BC0235587971}"
EndProject
Project("{8BC9CEB8-8B4A-11D0-8D11-00A0C91BC942}") = "midterm22_4_1", "midterm22_4_1\midterm22_4_1.vcxproj", "{6BAA4A6C-8308-4AFA-A11F-5D38201EDF9D}"
EndProject
Project("{8BC9CEB8-8B4A-11D0-8D11-00A0C91BC942}") = "midterm22_4_2", "midterm22_4_2\midterm22_4_2.vcxproj", "{869C90F1-5F46-467D-A0B7-F62C43C351DF}"
EndProject
Project("{8BC9CEB8-8B4A-11D0-8D11-00A0C91BC942}") = "midterm22_4_3", "midterm22_4_3\midterm22_4_3.vcxproj", "{6B816A35-A7DD-48F2-B971-2D11C053D6F6}"
EndProject
Project("{8BC9CEB8-8B4A-11D0-8D11-00A0C91BC942}") = "midterm22_1_3", "midterm22_1_3\midterm22_1_3.vcxproj", "{66FA7F39-6B1B-4563-A41E-E301B8780816}"
EndProject
Global
	GlobalSection(SolutionConfigurationPlatforms) = preSolution
		Debug|x64 = Debug|x64
		Debug|x86 = Debug|x86
		Release|x64 = Release|x64
		Release|x86 = Release|x86
	EndGlobalSection
	GlobalSection(ProjectConfigurationPlatforms) = postSolution
		{C2D38A95-706A-431C-A55E-BF9945C40A6A}.Debug|x64.ActiveCfg = Debug|x64
		{C2D38A95-706A-431C-A55E-BF9945C40A6A}.Debug|x64.Build.0 = Debug|x64
		{C2D38A95-706A-431C-A55E-BF9945C40A6A}.Debug|x86.ActiveCfg = Debug|Win32
		{C2D38A95-706A-431C-A55E-BF9945C40A6A}.Debug|x86.Build.0 = Debug|Win32
		{C2D38A95-706A-431C-A55E-BF9945C40A6A}.Release|x64.ActiveCfg = Release|x64
		{C2D38A95-706A-431C-A55E-BF9945C40A6A}.Release|x64.Build.0 = Release|x64
		{C2D38A95-706A-431C-A55E-BF9945C40A6A}.Release|x86.ActiveCfg = Release|Win32
		{C2D38A95-706A-431C-A55E-BF9945C40A6A}.Release|x86.Build.0 = Release|Win32
		{E1FE80EA-DABC-49A2-A07B-7F5CA82CAC71}.Debug|x64.ActiveCfg = Debug|x64
		{E1FE80EA-DABC-49A2-A07B-7F5CA82CAC71}.Debug|x64.Build.0 = Debug|x64
		{E1FE80EA-DABC-49A2-A07B-7F5CA82CAC71}.Debug|x86.ActiveCfg = Debug|Win32
		{E1FE80EA-DABC-49A2-A07B-7F5CA82CAC71}.Debug|x86.Build.0 = Debug|Win32
		{E1FE80EA-DABC-49A2-A07B-7F5CA82CAC71}.Release|x64.ActiveCfg = Release|x64
		{E1FE80EA-DABC-49A2-A07B-7F5CA82CAC71}.Release|x64.Build.0 = Release|x64
		{E1FE80EA-DABC-49A2-A07B-7F5CA82CAC71}.Release|x86.ActiveCfg = Release|Win32
		{E1FE80EA-DABC-49A2-A07B-7F5CA82CAC71}.Release|x86.Build.0 = Release|Win32
		{7E750D4B-D2E0-4A80-9080-7D6C11930A69}.Debug|x64.ActiveCfg = Debug|x64
		{7E750D4B-D2E0-4A80-9080-7D6C11930A69}.Debug|x64.Build.0 = Debug|x64
		{7E750D4B-D2E0-4A80-9080-7D6C11930A69}.Debug|x86.ActiveCfg = Debug|Win32
		{7E750D4B-D2E0-4A80-9080-7D6C11930A69}.Debug|x86.Build.0 = Debug|Win32
		{7E750D4B-D2E0-4A80-9080-7D6C11930A69}.Release|x64.ActiveCfg = Release|x64
		{7E750D4B-D2E0-4A80-9080-7D6C11930A69}.Release|x64.Build.0 = Release|x64
		{7E750D4B-D2E0-4A80-9080-7D6C11930A69}.Release|x86.ActiveCfg = Release|Win32
		{7E750D4B-D2E0-4A80-9080-7D6C11930A69}.Release|x86.Build.0 = Release|Win32
		{5BD16241-6EF0-409E-A040-3E640D010691}.Debug|x64.ActiveCfg = Debug|x64
		{5BD16241-6EF0-409E-A040-3E640D010691}.Debug|x64.Build.0 = Debug|x64
		{5BD16241-6EF0-409E-A040-3E640D010691}.Debug|x86.ActiveCfg = Debug|Win32
		{5BD16241-6EF0-409E-A040-3E640D010691}.Debug|x86.Build.0 = Debug|Win32
		{5BD16241-6EF0-409E-A040-3E640D010691}.Release|x64.ActiveCfg = Release|x64
		{5BD16241-6EF0-409E-A040-3E640D010691}.Release|x64.Build.0 = Release|x64
		{5BD16241-6EF0-409E-A040-3E640D010691}.Release|x86.ActiveCfg = Release|Win32
		{5BD16241-6EF0-409E-A040-3E640D010691}.Release|x86.Build.0 = Release|Win32
		{27BD6E12-0362-4B65-9E1A-F91810D20C9C}.Debug|x64.ActiveCfg = Debug|x64
		{27BD6E12-0362-4B65-9E1A-F91810D20C9C}.Debug|x64.Build.0 = Debug|x64
		{27BD6E12-0362-4B65-9E1A-F91810D20C9C}.Debug|x86.ActiveCfg = Debug|Win32
		{27BD6E12-0362-4B65-9E1A-F91810D20C9C}.Debug|x86.Build.0 = Debug|Win32
		{27BD6E12-0362-4B65-9E1A-F91810D20C9C}.Release|x64.ActiveCfg = Release|x64
		{27BD6E12-0362-4B65-9E1A-F91810D20C9C}.Release|x64.Build.0 = Release|x64
		{27BD6E12-0362-4B65-9E1A-F91810D20C9C}.Release|x86.ActiveCfg = Release|Win32
		{27BD6E12-0362-4B65-9E1A-F91810D20C9C}.Release|x86.Build.0 = Release|Win32
		{32F1C649-B59A-4131-AA55-AC2291BE06EC}.Debug|x64.ActiveCfg = Debug|x64
		{32F1C649-B59A-4131-AA55-AC2291BE06EC}.Debug|x64.Build.0 = Debug|x64
		{32F1C649-B59A-4131-AA55-AC2291BE06EC}.Debug|x86.ActiveCfg = Debug|Win32
		{32F1C649-B59A-4131-AA55-AC2291BE06EC}.Debug|x86.Build.0 = Debug|Win32
		{32F1C649-B59A-4131-AA55-AC2291BE06EC}.Release|x64.ActiveCfg = Release|x64
		{32F1C649-B59A-4131-AA55-AC2291BE06EC}.Release|x64.Build.0 = Release|x64
		{32F1C649-B59A-4131-AA55-AC2291BE06EC}.Release|x86.ActiveCfg = Release|Win32
		{32F1C649-B59A-4131-AA55-AC2291BE06EC}.Release|x86.Build.0 = Release|Win32
		{5185F3FC-8E18-4E91-B849-3919EB945442}.Debug|x64.ActiveCfg = Debug|x64
		{5185F3FC-8E18-4E91-B849-3919EB945442}.Debug|x64.Build.0 = Debug|x64
		{5185F3FC-8E18-4E91-B849-3919EB945442}.Debug|x86.ActiveCfg = Debug|Win32
		{5185F3FC-8E18-4E91-B849-3919EB945442}.Debug|x86.Build.0 = Debug|Win32
		{5185F3FC-8E18-4E91-B849-3919EB945442}.Release|x64.ActiveCfg = Release|x64
		{5185F3FC-8E18-4E91-B849-3919EB945442}.Release|x64.Build.0 = Release|x64
		{5185F3FC-8E18-4E91-B849-3919EB945442}.Release|x86.ActiveCfg = Release|Win32
		{5185F3FC-8E18-4E91-B849-3919EB945442}.Release|x86.Build.0 = Release|Win32
		{2B0129D9-0680-4AA7-B986-140B11F41374}.Debug|x64.ActiveCfg = Debug|x64
		{2B0129D9-0680-4AA7-B986-140B11F41374}.Debug|x64.Build.0 = Debug|x64
		{2B0129D9-0680-4AA7-B986-140B11F41374}.Debug|x86.ActiveCfg = Debug|Win32
		{2B0129D9-0680-4AA7-B986-140B11F41374}.Debug|x86.Build.0 = Debug|Win32
		{2B0129D9-0680-4AA7-B986-140B11F41374}.Release|x64.ActiveCfg = Release|x64
		{2B0129D9-0680-4AA7-B986-140B11F41374}.Release|x64.Build.0 = Release|x64
		{2B0129D9-0680-4AA7-B986-140B11F41374}.Release|x86.ActiveCfg = Release|Win32
		{2B0129D9-0680-4AA7-B986-140B11F41374}.Release|x86.Build.0 = Release|Win32
		{3B4425B6-E5E6-4958-9470-B32393FB61A4}.Debug|x64.ActiveCfg = Debug|x64
		{3B4425B6-E5E6-4958-9470-B32393FB61A4}.Debug|x64.Build.0 = Debug|x64
		{3B4425B6-E5E6-4958-9470-B32393FB61A4}.Debug|x86.ActiveCfg = Debug|Win32
		{3B4425B6-E5E6-4958-9470-B32393FB61A4}.Debug|x86.Build.0 = Debug|Win32
		{3B4425B6-E5E6-4958-9470-B32393FB61A4}.Release|x64.ActiveCfg = Release|x64
		{3B4425B6-E5E6-4958-9470-B32393FB61A4}.Release|x64.Build.0 = Release|x64
		{3B4425B6-E5E6-4958-9470-B32393FB61A4}.Release|x86.ActiveCfg = Release|Win32
		{3B4425B6-E5E6-4958-9470-B32393FB61A4}.Release|x86.Build.0 = Release|Win32
		{EBD71C67-F04D-4091-9BF1-39E1E16FE107}.Debug|x64.ActiveCfg = Debug|x64
		{EBD71C67-F04D-4091-9BF1-39E1E16FE107}.Debug|x64.Build.0 = Debug|x64
		{EBD71C67-F04D-4091-9BF1-39E1E16FE107}.Debug|x86.ActiveCfg = Debug|Win32
		{EBD71C67-F04D-4091-9BF1-39E1E16FE107}.Debug|x86.Build.0 = Debug|Win32
		{EBD71C67-F04D-4091-9BF1-39E1E16FE107}.Release|x64.ActiveCfg = Release|x64
		{EBD71C67-F04D-4091-9BF1-39E1E16FE107}.Release|x64.Build.0 = Release|x64
		{EBD71C67-F04D-4091-9BF1-39E1E16FE107}.Release|x86.ActiveCfg = Release|Win32
		{EBD71C67-F04D-4091-9BF1-39E1E16FE107}.Release|x86.Build.0 = Release|Win32
		{F2E6CC07-6E3F-4643-A54B-BC0235587971}.Debug|x64.ActiveCfg = Debug|x64
		{F2E6CC07-6E3F-4643-A54B-BC0235587971}.Debug|x64.Build.0 = Debug|x64
		{F2E6CC07-6E3F-4643-A54B-BC0235587971}.Debug|x86.ActiveCfg = Debug|Win32
		{F2E6CC07-6E3F-4643-A54B-BC0235587971}.Debug|x86.Build.0 = Debug|Win32
		{F2E6CC07-6E3F-4643-A54B-BC0235587971}.Release|x64.ActiveCfg = Release|x64
		{F2E6CC07-6E3F-4643-A54B-BC0235587971}.Release|x64.Build.0 = Release|x64
		{F2E6CC07-6E3F-4643-A54B-BC0235587971}.Release|x86.ActiveCfg = Release|Win32
		{F2E6CC07-6E3F-4643-A54B-BC0235587971}.Release|x86.Build.0 = Release|Win32
		{6BAA4A6C-8308-4AFA-A11F-5D38201EDF9D}.Debug|x64.ActiveCfg = Debug|x64
		{6BAA4A6C-8308-4AFA-A11F-5D38201EDF9D}.Debug|x64.Build.0 = Debug|x64
		{6BAA4A6C-8308-4AFA-A11F-5D38201EDF9D}.Debug|x86.ActiveCfg = Debug|Win32
		{6BAA4A6C-8308-4AFA-A11F-5D38201EDF9D}.Debug|x86.Build.0 = Debug|Win32
		{6BAA4A6C-8308-4AFA-A11F-5D38201EDF9D}.Release|x64.ActiveCfg = Release|x64
		{6BAA4A6C-8308-4AFA-A11F-5D38201EDF9D}.Release|x64.Build.0 = Release|x64
		{6BAA4A6C-8308-4AFA-A11F-5D38201EDF9D}.Release|x86.ActiveCfg = Release|Win32
		{6BAA4A6C-8308-4AFA-A11F-5D38201EDF9D}.Release|x86.Build.0 = Release|Win32
		{869C90F1-5F46-467D-A0B7-F62C43C351DF}.Debug|x64.ActiveCfg = Debug|x64
		{869C90F1-5F46-467D-A0B7-F62C43C351DF}.Debug|x64.Build.0 = Debug|x64
		{869C90F1-5F46-467D-A0B7-F62C43C351DF}.Debug|x86.ActiveCfg = Debug|Win32
		{869C90F1-5F46-467D-A0B7-F62C43C351DF}.Debug|x86.Build.0 = Debug|Win32
		{869C90F1-5F46-467D-A0B7-F62C43C351DF}.Release|x64.ActiveCfg = Release|x64
		{869C90F1-5F46-467D-A0B7-F62C43C351DF}.Release|x64.Build.0 = Release|x64
		{869C90F1-5F46-467D-A0B7-F62C43C351DF}.Release|x86.ActiveCfg = Release|Win32
		{869C90F1-5F46-467D-A0B7-F62C43C351DF}.Release|x86.Build.0 = Release|Win32
		{6B816A35-A7DD-48F2-B971-2D11C053D6F6}.Debug|x64.ActiveCfg = Debug|x64
		{6B816A35-A7DD-48F2-B971-2D11C053D6F6}.Debug|x64.Build.0 = Debug|x64
		{6B816A35-A7DD-48F2-B971-2D11C053D6F6}.Debug|x86.ActiveCfg = Debug|Win32
		{6B816A35-A7DD-48F2-B971-2D11C053D6F6}.Debug|x86.Build.0 = Debug|Win32
		{6B816A35-A7DD-48F2-B971-2D11C053D6F6}.Release|x64.ActiveCfg = Release|x64
		{6B816A35-A7DD-48F2-B971-2D11C053D6F6}.Release|x64.Build.0 = Release|x64
		{6B816A35-A7DD-48F2-B971-2D11C053D6F6}.Release|x86.ActiveCfg = Release|Win32
		{6B816A35-A7DD-48F2-B971-2D11C053D6F6}.Release|x86.Build.0 = Release|Win32
		{66FA7F39-6B1B-4563-A41E-E301B8780816}.Debug|x64.ActiveCfg = Debug|x64
		{66FA7F39-6B1B-4563-A41E-E301B8780816}.Debug|x64.Build.0 = Debug|x64
		{66FA7F39-6B1B-4563-A41E-E301B8780816}.Debug|x86.ActiveCfg = Debug|Win32
		{66FA7F39-6B1B-4563-A41E-E301B8780816}.Debug|x86.Build.0 = Debug|Win32
		{66FA7F39-6B1B-4563-A41E-E301B8780816}.Release|x64.ActiveCfg = Release|x64
		{66FA7F39-6B1B-4563-A41E-E301B8780816}.Release|x64.Build.0 = Release|x64
		{66FA7F39-6B1B-4563-A41E-E301B8780816}.Release|x86.ActiveCfg = Release|Win32
		{66FA7F39-6B1B-4563-A41E-E301B8780816}.Release|x86.Build.0 = Release|Win32
	EndGlobalSection
	GlobalSection(SolutionProperties) = preSolution
		HideSolutionNode = FALSE
	EndGlobalSection
	GlobalSection(ExtensibilityGlobals) = postSolution
		SolutionGuid = {BF0221BE-005B-4DEB-8F95-2B56B4C03AFE}
	EndGlobalSection
EndGlobal
